
Microsoft Visual Studio Solution File, Format Version 12.00
# Visual Studio Version 17
VisualStudioVersion = 17.5.002.0
MinimumVisualStudioVersion = 10.0.40219.1
Project("{2150E333-8FDC-42A3-9474-1A3956D46DE8}") = "SauceDemoWebTesting-main", "SauceDemoWebTesting-main", "{0CCC19C2-531F-4C81-9081-ED99B8D49C4F}"
EndProject
Project("{9A19103F-16F7-4668-BE54-9A1E7A4F7556}") = "SauceDemo_MP", "SauceDemoWebTesting-main\SauceDemo_MP\SauceDemo_MP.csproj", "{F75F8CC9-A6F2-4B88-84CB-4BC98796AD84}"
EndProject
Global
	GlobalSection(SolutionConfigurationPlatforms) = preSolution
		Debug|Any CPU = Debug|Any CPU
		Release|Any CPU = Release|Any CPU
	EndGlobalSection
	GlobalSection(ProjectConfigurationPlatforms) = postSolution
		{F75F8CC9-A6F2-4B88-84CB-4BC98796AD84}.Debug|Any CPU.ActiveCfg = Debug|Any CPU
		{F75F8CC9-A6F2-4B88-84CB-4BC98796AD84}.Debug|Any CPU.Build.0 = Debug|Any CPU
		{F75F8CC9-A6F2-4B88-84CB-4BC98796AD84}.Release|Any CPU.ActiveCfg = Release|Any CPU
		{F75F8CC9-A6F2-4B88-84CB-4BC98796AD84}.Release|Any CPU.Build.0 = Release|Any CPU
	EndGlobalSection
	GlobalSection(SolutionProperties) = preSolution
		HideSolutionNode = FALSE
	EndGlobalSection
	GlobalSection(NestedProjects) = preSolution
		{F75F8CC9-A6F2-4B88-84CB-4BC98796AD84} = {0CCC19C2-531F-4C81-9081-ED99B8D49C4F}
	EndGlobalSection
	GlobalSection(ExtensibilityGlobals) = postSolution
		SolutionGuid = {87ACB355-E06B-4884-9E9F-386889778135}
	EndGlobalSection
EndGlobal
